// !$*UTF8*$!
{
	archiveVersion = 1;
	classes = {
	};
	objectVersion = 46;
	objects = {

/* Begin PBXBuildFile section */
		321CC11D1E48F728000D44E9 /* Utils.swift in Sources */ = {isa = PBXBuildFile; fileRef = 321CC11C1E48F728000D44E9 /* Utils.swift */; };
		321CC1201E491A0E000D44E9 /* LibraryTableViewController.swift in Sources */ = {isa = PBXBuildFile; fileRef = 321CC11E1E491A0E000D44E9 /* LibraryTableViewController.swift */; };
		321CC1211E491A0E000D44E9 /* LibraryTableViewController.xib in Resources */ = {isa = PBXBuildFile; fileRef = 321CC11F1E491A0E000D44E9 /* LibraryTableViewController.xib */; };
		3230BC131E4522E400614BCB /* AppDelegate.swift in Sources */ = {isa = PBXBuildFile; fileRef = 3230BC121E4522E400614BCB /* AppDelegate.swift */; };
		3230BC151E4522E400614BCB /* ViewController.swift in Sources */ = {isa = PBXBuildFile; fileRef = 3230BC141E4522E400614BCB /* ViewController.swift */; };
		3230BC181E4522E400614BCB /* Main.storyboard in Resources */ = {isa = PBXBuildFile; fileRef = 3230BC161E4522E400614BCB /* Main.storyboard */; };
		3230BC1A1E4522E400614BCB /* Assets.xcassets in Resources */ = {isa = PBXBuildFile; fileRef = 3230BC191E4522E400614BCB /* Assets.xcassets */; };
		3230BC1D1E4522E400614BCB /* LaunchScreen.storyboard in Resources */ = {isa = PBXBuildFile; fileRef = 3230BC1B1E4522E400614BCB /* LaunchScreen.storyboard */; };
		3230BC461E45E5F300614BCB /* Book.swift in Sources */ = {isa = PBXBuildFile; fileRef = 3230BC451E45E5F300614BCB /* Book.swift */; };
		3230BC4A1E45FCE400614BCB /* MultiDictionary.swift in Sources */ = {isa = PBXBuildFile; fileRef = 3230BC491E45FCE400614BCB /* MultiDictionary.swift */; };
		3230BC4C1E45FEE400614BCB /* Library.swift in Sources */ = {isa = PBXBuildFile; fileRef = 3230BC4B1E45FEE400614BCB /* Library.swift */; };
		3230BC4E1E4633D100614BCB /* JSONProcessing.swift in Sources */ = {isa = PBXBuildFile; fileRef = 3230BC4D1E4633D100614BCB /* JSONProcessing.swift */; };
		3230BC501E46385F00614BCB /* Errors.swift in Sources */ = {isa = PBXBuildFile; fileRef = 3230BC4F1E46385F00614BCB /* Errors.swift */; };
		328FFA261E4872770083D4A3 /* default_cover.png in Resources */ = {isa = PBXBuildFile; fileRef = 328FFA251E4872770083D4A3 /* default_cover.png */; };
		328FFA281E487C120083D4A3 /* default_pdf.pdf in Resources */ = {isa = PBXBuildFile; fileRef = 328FFA271E487C120083D4A3 /* default_pdf.pdf */; };
		32EB54291E4735FA00EEB3E5 /* FoundationExtensions.swift in Sources */ = {isa = PBXBuildFile; fileRef = 32EB54281E4735FA00EEB3E5 /* FoundationExtensions.swift */; };
		32EB542B1E4747FA00EEB3E5 /* Author.swift in Sources */ = {isa = PBXBuildFile; fileRef = 32EB542A1E4747FA00EEB3E5 /* Author.swift */; };
		32EB542D1E47487900EEB3E5 /* Tag.swift in Sources */ = {isa = PBXBuildFile; fileRef = 32EB542C1E47487900EEB3E5 /* Tag.swift */; };
		32F121DF1E49E8BD0036C492 /* BookViewController.swift in Sources */ = {isa = PBXBuildFile; fileRef = 32F121DD1E49E8BD0036C492 /* BookViewController.swift */; };
		32F121E01E49E8BD0036C492 /* BookViewController.xib in Resources */ = {isa = PBXBuildFile; fileRef = 32F121DE1E49E8BD0036C492 /* BookViewController.xib */; };
		32F121E31E49F96E0036C492 /* readBookViewController.swift in Sources */ = {isa = PBXBuildFile; fileRef = 32F121E11E49F96E0036C492 /* readBookViewController.swift */; };
		32F121E41E49F96E0036C492 /* readBookViewController.xib in Resources */ = {isa = PBXBuildFile; fileRef = 32F121E21E49F96E0036C492 /* readBookViewController.xib */; };
/* End PBXBuildFile section */

/* Begin PBXFileReference section */
		321CC11C1E48F728000D44E9 /* Utils.swift */ = {isa = PBXFileReference; fileEncoding = 4; lastKnownFileType = sourcecode.swift; path = Utils.swift; sourceTree = "<group>"; };
		321CC11E1E491A0E000D44E9 /* LibraryTableViewController.swift */ = {isa = PBXFileReference; fileEncoding = 4; lastKnownFileType = sourcecode.swift; path = LibraryTableViewController.swift; sourceTree = "<group>"; };
		321CC11F1E491A0E000D44E9 /* LibraryTableViewController.xib */ = {isa = PBXFileReference; fileEncoding = 4; lastKnownFileType = file.xib; path = LibraryTableViewController.xib; sourceTree = "<group>"; };
		3230BC0F1E4522E400614BCB /* HackerBooks.app */ = {isa = PBXFileReference; explicitFileType = wrapper.application; includeInIndex = 0; path = HackerBooks.app; sourceTree = BUILT_PRODUCTS_DIR; };
		3230BC121E4522E400614BCB /* AppDelegate.swift */ = {isa = PBXFileReference; lastKnownFileType = sourcecode.swift; path = AppDelegate.swift; sourceTree = "<group>"; };
		3230BC141E4522E400614BCB /* ViewController.swift */ = {isa = PBXFileReference; lastKnownFileType = sourcecode.swift; path = ViewController.swift; sourceTree = "<group>"; };
		3230BC171E4522E400614BCB /* Base */ = {isa = PBXFileReference; lastKnownFileType = file.storyboard; name = Base; path = Base.lproj/Main.storyboard; sourceTree = "<group>"; };
		3230BC191E4522E400614BCB /* Assets.xcassets */ = {isa = PBXFileReference; lastKnownFileType = folder.assetcatalog; path = Assets.xcassets; sourceTree = "<group>"; };
		3230BC1C1E4522E400614BCB /* Base */ = {isa = PBXFileReference; lastKnownFileType = file.storyboard; name = Base; path = Base.lproj/LaunchScreen.storyboard; sourceTree = "<group>"; };
		3230BC1E1E4522E400614BCB /* Info.plist */ = {isa = PBXFileReference; lastKnownFileType = text.plist.xml; path = Info.plist; sourceTree = "<group>"; };
		3230BC451E45E5F300614BCB /* Book.swift */ = {isa = PBXFileReference; fileEncoding = 4; lastKnownFileType = sourcecode.swift; path = Book.swift; sourceTree = "<group>"; };
		3230BC491E45FCE400614BCB /* MultiDictionary.swift */ = {isa = PBXFileReference; fileEncoding = 4; lastKnownFileType = sourcecode.swift; path = MultiDictionary.swift; sourceTree = "<group>"; };
		3230BC4B1E45FEE400614BCB /* Library.swift */ = {isa = PBXFileReference; fileEncoding = 4; lastKnownFileType = sourcecode.swift; path = Library.swift; sourceTree = "<group>"; };
		3230BC4D1E4633D100614BCB /* JSONProcessing.swift */ = {isa = PBXFileReference; fileEncoding = 4; lastKnownFileType = sourcecode.swift; path = JSONProcessing.swift; sourceTree = "<group>"; };
		3230BC4F1E46385F00614BCB /* Errors.swift */ = {isa = PBXFileReference; fileEncoding = 4; lastKnownFileType = sourcecode.swift; path = Errors.swift; sourceTree = "<group>"; };
		328FFA251E4872770083D4A3 /* default_cover.png */ = {isa = PBXFileReference; lastKnownFileType = image.png; path = default_cover.png; sourceTree = "<group>"; };
		328FFA271E487C120083D4A3 /* default_pdf.pdf */ = {isa = PBXFileReference; lastKnownFileType = image.pdf; path = default_pdf.pdf; sourceTree = "<group>"; };
		32EB54281E4735FA00EEB3E5 /* FoundationExtensions.swift */ = {isa = PBXFileReference; fileEncoding = 4; lastKnownFileType = sourcecode.swift; path = FoundationExtensions.swift; sourceTree = "<group>"; };
		32EB542A1E4747FA00EEB3E5 /* Author.swift */ = {isa = PBXFileReference; fileEncoding = 4; lastKnownFileType = sourcecode.swift; path = Author.swift; sourceTree = "<group>"; };
		32EB542C1E47487900EEB3E5 /* Tag.swift */ = {isa = PBXFileReference; fileEncoding = 4; lastKnownFileType = sourcecode.swift; path = Tag.swift; sourceTree = "<group>"; };
		32F121DD1E49E8BD0036C492 /* BookViewController.swift */ = {isa = PBXFileReference; fileEncoding = 4; lastKnownFileType = sourcecode.swift; path = BookViewController.swift; sourceTree = "<group>"; };
		32F121DE1E49E8BD0036C492 /* BookViewController.xib */ = {isa = PBXFileReference; fileEncoding = 4; lastKnownFileType = file.xib; path = BookViewController.xib; sourceTree = "<group>"; };
		32F121E11E49F96E0036C492 /* readBookViewController.swift */ = {isa = PBXFileReference; fileEncoding = 4; lastKnownFileType = sourcecode.swift; path = readBookViewController.swift; sourceTree = "<group>"; };
		32F121E21E49F96E0036C492 /* readBookViewController.xib */ = {isa = PBXFileReference; fileEncoding = 4; lastKnownFileType = file.xib; path = readBookViewController.xib; sourceTree = "<group>"; };
/* End PBXFileReference section */

/* Begin PBXFrameworksBuildPhase section */
		3230BC0C1E4522E400614BCB /* Frameworks */ = {
			isa = PBXFrameworksBuildPhase;
			buildActionMask = 2147483647;
			files = (
			);
			runOnlyForDeploymentPostprocessing = 0;
		};
/* End PBXFrameworksBuildPhase section */

/* Begin PBXGroup section */
		3230BC061E4522E400614BCB = {
			isa = PBXGroup;
			children = (
				3230BC111E4522E400614BCB /* HackerBooks */,
				3230BC101E4522E400614BCB /* Products */,
			);
			sourceTree = "<group>";
		};
		3230BC101E4522E400614BCB /* Products */ = {
			isa = PBXGroup;
			children = (
				3230BC0F1E4522E400614BCB /* HackerBooks.app */,
			);
			name = Products;
			sourceTree = "<group>";
		};
		3230BC111E4522E400614BCB /* HackerBooks */ = {
			isa = PBXGroup;
			children = (
				32EB54271E4735DA00EEB3E5 /* Frameworks */,
				32EB54261E4735C900EEB3E5 /* App */,
				3230BC121E4522E400614BCB /* AppDelegate.swift */,
				3230BC141E4522E400614BCB /* ViewController.swift */,
				3230BC161E4522E400614BCB /* Main.storyboard */,
				3230BC191E4522E400614BCB /* Assets.xcassets */,
				3230BC1B1E4522E400614BCB /* LaunchScreen.storyboard */,
				3230BC1E1E4522E400614BCB /* Info.plist */,
			);
			path = HackerBooks;
			sourceTree = "<group>";
		};
		3230BC441E45E5D200614BCB /* Models */ = {
			isa = PBXGroup;
			children = (
				321CC11C1E48F728000D44E9 /* Utils.swift */,
				3230BC4F1E46385F00614BCB /* Errors.swift */,
				3230BC4D1E4633D100614BCB /* JSONProcessing.swift */,
				3230BC451E45E5F300614BCB /* Book.swift */,
				3230BC4B1E45FEE400614BCB /* Library.swift */,
				32EB542A1E4747FA00EEB3E5 /* Author.swift */,
				32EB542C1E47487900EEB3E5 /* Tag.swift */,
			);
			name = Models;
			sourceTree = "<group>";
		};
		3230BC551E463E2800614BCB /* Controllers */ = {
			isa = PBXGroup;
			children = (
				321CC11E1E491A0E000D44E9 /* LibraryTableViewController.swift */,
				321CC11F1E491A0E000D44E9 /* LibraryTableViewController.xib */,
				32F121DD1E49E8BD0036C492 /* BookViewController.swift */,
				32F121DE1E49E8BD0036C492 /* BookViewController.xib */,
				32F121E11E49F96E0036C492 /* readBookViewController.swift */,
				32F121E21E49F96E0036C492 /* readBookViewController.xib */,
			);
			name = Controllers;
			sourceTree = "<group>";
		};
		328FFA241E48701F0083D4A3 /* Resources */ = {
			isa = PBXGroup;
			children = (
				328FFA271E487C120083D4A3 /* default_pdf.pdf */,
				328FFA251E4872770083D4A3 /* default_cover.png */,
			);
			name = Resources;
			sourceTree = "<group>";
		};
		32EB54251E47353E00EEB3E5 /* Helpers */ = {
			isa = PBXGroup;
			children = (
				3230BC491E45FCE400614BCB /* MultiDictionary.swift */,
			);
			name = Helpers;
			sourceTree = "<group>";
		};
		32EB54261E4735C900EEB3E5 /* App */ = {
			isa = PBXGroup;
			children = (
				328FFA241E48701F0083D4A3 /* Resources */,
				32EB54251E47353E00EEB3E5 /* Helpers */,
				3230BC551E463E2800614BCB /* Controllers */,
				3230BC441E45E5D200614BCB /* Models */,
			);
			name = App;
			sourceTree = "<group>";
		};
		32EB54271E4735DA00EEB3E5 /* Frameworks */ = {
			isa = PBXGroup;
			children = (
				32EB54281E4735FA00EEB3E5 /* FoundationExtensions.swift */,
			);
			name = Frameworks;
			sourceTree = "<group>";
		};
/* End PBXGroup section */

/* Begin PBXNativeTarget section */
		3230BC0E1E4522E400614BCB /* HackerBooks */ = {
			isa = PBXNativeTarget;
			buildConfigurationList = 3230BC211E4522E400614BCB /* Build configuration list for PBXNativeTarget "HackerBooks" */;
			buildPhases = (
				3230BC0B1E4522E400614BCB /* Sources */,
				3230BC0C1E4522E400614BCB /* Frameworks */,
				3230BC0D1E4522E400614BCB /* Resources */,
			);
			buildRules = (
			);
			dependencies = (
			);
			name = HackerBooks;
			productName = HackerBooks;
			productReference = 3230BC0F1E4522E400614BCB /* HackerBooks.app */;
			productType = "com.apple.product-type.application";
		};
/* End PBXNativeTarget section */

/* Begin PBXProject section */
		3230BC071E4522E400614BCB /* Project object */ = {
			isa = PBXProject;
			attributes = {
				LastSwiftUpdateCheck = 0820;
				LastUpgradeCheck = 0820;
				ORGANIZATIONNAME = "Fran Delgado";
				TargetAttributes = {
					3230BC0E1E4522E400614BCB = {
						CreatedOnToolsVersion = 8.2.1;
						ProvisioningStyle = Automatic;
					};
				};
			};
			buildConfigurationList = 3230BC0A1E4522E400614BCB /* Build configuration list for PBXProject "HackerBooks" */;
			compatibilityVersion = "Xcode 3.2";
			developmentRegion = English;
			hasScannedForEncodings = 0;
			knownRegions = (
				en,
				Base,
			);
			mainGroup = 3230BC061E4522E400614BCB;
			productRefGroup = 3230BC101E4522E400614BCB /* Products */;
			projectDirPath = "";
			projectRoot = "";
			targets = (
				3230BC0E1E4522E400614BCB /* HackerBooks */,
			);
		};
/* End PBXProject section */

/* Begin PBXResourcesBuildPhase section */
		3230BC0D1E4522E400614BCB /* Resources */ = {
			isa = PBXResourcesBuildPhase;
			buildActionMask = 2147483647;
			files = (
				3230BC1D1E4522E400614BCB /* LaunchScreen.storyboard in Resources */,
				32F121E41E49F96E0036C492 /* readBookViewController.xib in Resources */,
				328FFA281E487C120083D4A3 /* default_pdf.pdf in Resources */,
				32F121E01E49E8BD0036C492 /* BookViewController.xib in Resources */,
				328FFA261E4872770083D4A3 /* default_cover.png in Resources */,
				3230BC1A1E4522E400614BCB /* Assets.xcassets in Resources */,
				3230BC181E4522E400614BCB /* Main.storyboard in Resources */,
				321CC1211E491A0E000D44E9 /* LibraryTableViewController.xib in Resources */,
			);
			runOnlyForDeploymentPostprocessing = 0;
		};
/* End PBXResourcesBuildPhase section */

/* Begin PBXSourcesBuildPhase section */
		3230BC0B1E4522E400614BCB /* Sources */ = {
			isa = PBXSourcesBuildPhase;
			buildActionMask = 2147483647;
			files = (
				3230BC4E1E4633D100614BCB /* JSONProcessing.swift in Sources */,
				3230BC151E4522E400614BCB /* ViewController.swift in Sources */,
				3230BC4A1E45FCE400614BCB /* MultiDictionary.swift in Sources */,
				32EB542B1E4747FA00EEB3E5 /* Author.swift in Sources */,
				3230BC4C1E45FEE400614BCB /* Library.swift in Sources */,
				32F121E31E49F96E0036C492 /* readBookViewController.swift in Sources */,
				32EB542D1E47487900EEB3E5 /* Tag.swift in Sources */,
				321CC1201E491A0E000D44E9 /* LibraryTableViewController.swift in Sources */,
				3230BC131E4522E400614BCB /* AppDelegate.swift in Sources */,
				3230BC461E45E5F300614BCB /* Book.swift in Sources */,
				32F121DF1E49E8BD0036C492 /* BookViewController.swift in Sources */,
				3230BC501E46385F00614BCB /* Errors.swift in Sources */,
				32EB54291E4735FA00EEB3E5 /* FoundationExtensions.swift in Sources */,
				321CC11D1E48F728000D44E9 /* Utils.swift in Sources */,
			);
			runOnlyForDeploymentPostprocessing = 0;
		};
/* End PBXSourcesBuildPhase section */

/* Begin PBXVariantGroup section */
		3230BC161E4522E400614BCB /* Main.storyboard */ = {
			isa = PBXVariantGroup;
			children = (
				3230BC171E4522E400614BCB /* Base */,
			);
			name = Main.storyboard;
			sourceTree = "<group>";
		};
		3230BC1B1E4522E400614BCB /* LaunchScreen.storyboard */ = {
			isa = PBXVariantGroup;
			children = (
				3230BC1C1E4522E400614BCB /* Base */,
			);
			name = LaunchScreen.storyboard;
			sourceTree = "<group>";
		};
/* End PBXVariantGroup section */

/* Begin XCBuildConfiguration section */
		3230BC1F1E4522E400614BCB /* Debug */ = {
			isa = XCBuildConfiguration;
			buildSettings = {
				ALWAYS_SEARCH_USER_PATHS = NO;
				CLANG_ANALYZER_NONNULL = YES;
				CLANG_CXX_LANGUAGE_STANDARD = "gnu++0x";
				CLANG_CXX_LIBRARY = "libc++";
				CLANG_ENABLE_MODULES = YES;
				CLANG_ENABLE_OBJC_ARC = YES;
				CLANG_WARN_BOOL_CONVERSION = YES;
				CLANG_WARN_CONSTANT_CONVERSION = YES;
				CLANG_WARN_DIRECT_OBJC_ISA_USAGE = YES_ERROR;
				CLANG_WARN_DOCUMENTATION_COMMENTS = YES;
				CLANG_WARN_EMPTY_BODY = YES;
				CLANG_WARN_ENUM_CONVERSION = YES;
				CLANG_WARN_INFINITE_RECURSION = YES;
				CLANG_WARN_INT_CONVERSION = YES;
				CLANG_WARN_OBJC_ROOT_CLASS = YES_ERROR;
				CLANG_WARN_SUSPICIOUS_MOVE = YES;
				CLANG_WARN_UNREACHABLE_CODE = YES;
				CLANG_WARN__DUPLICATE_METHOD_MATCH = YES;
				"CODE_SIGN_IDENTITY[sdk=iphoneos*]" = "iPhone Developer";
				COPY_PHASE_STRIP = NO;
				DEBUG_INFORMATION_FORMAT = dwarf;
				ENABLE_STRICT_OBJC_MSGSEND = YES;
				ENABLE_TESTABILITY = YES;
				GCC_C_LANGUAGE_STANDARD = gnu99;
				GCC_DYNAMIC_NO_PIC = NO;
				GCC_NO_COMMON_BLOCKS = YES;
				GCC_OPTIMIZATION_LEVEL = 0;
				GCC_PREPROCESSOR_DEFINITIONS = (
					"DEBUG=1",
					"$(inherited)",
				);
				GCC_WARN_64_TO_32_BIT_CONVERSION = YES;
				GCC_WARN_ABOUT_RETURN_TYPE = YES_ERROR;
				GCC_WARN_UNDECLARED_SELECTOR = YES;
				GCC_WARN_UNINITIALIZED_AUTOS = YES_AGGRESSIVE;
				GCC_WARN_UNUSED_FUNCTION = YES;
				GCC_WARN_UNUSED_VARIABLE = YES;
				IPHONEOS_DEPLOYMENT_TARGET = 10.2;
				MTL_ENABLE_DEBUG_INFO = YES;
				ONLY_ACTIVE_ARCH = YES;
				SDKROOT = iphoneos;
				SWIFT_ACTIVE_COMPILATION_CONDITIONS = DEBUG;
				SWIFT_OPTIMIZATION_LEVEL = "-Onone";
				TARGETED_DEVICE_FAMILY = "1,2";
			};
			name = Debug;
		};
		3230BC201E4522E400614BCB /* Release */ = {
			isa = XCBuildConfiguration;
			buildSettings = {
				ALWAYS_SEARCH_USER_PATHS = NO;
				CLANG_ANALYZER_NONNULL = YES;
				CLANG_CXX_LANGUAGE_STANDARD = "gnu++0x";
				CLANG_CXX_LIBRARY = "libc++";
				CLANG_ENABLE_MODULES = YES;
				CLANG_ENABLE_OBJC_ARC = YES;
				CLANG_WARN_BOOL_CONVERSION = YES;
				CLANG_WARN_CONSTANT_CONVERSION = YES;
				CLANG_WARN_DIRECT_OBJC_ISA_USAGE = YES_ERROR;
				CLANG_WARN_DOCUMENTATION_COMMENTS = YES;
				CLANG_WARN_EMPTY_BODY = YES;
				CLANG_WARN_ENUM_CONVERSION = YES;
				CLANG_WARN_INFINITE_RECURSION = YES;
				CLANG_WARN_INT_CONVERSION = YES;
				CLANG_WARN_OBJC_ROOT_CLASS = YES_ERROR;
				CLANG_WARN_SUSPICIOUS_MOVE = YES;
				CLANG_WARN_UNREACHABLE_CODE = YES;
				CLANG_WARN__DUPLICATE_METHOD_MATCH = YES;
				"CODE_SIGN_IDENTITY[sdk=iphoneos*]" = "iPhone Developer";
				COPY_PHASE_STRIP = NO;
				DEBUG_INFORMATION_FORMAT = "dwarf-with-dsym";
				ENABLE_NS_ASSERTIONS = NO;
				ENABLE_STRICT_OBJC_MSGSEND = YES;
				GCC_C_LANGUAGE_STANDARD = gnu99;
				GCC_NO_COMMON_BLOCKS = YES;
				GCC_WARN_64_TO_32_BIT_CONVERSION = YES;
				GCC_WARN_ABOUT_RETURN_TYPE = YES_ERROR;
				GCC_WARN_UNDECLARED_SELECTOR = YES;
				GCC_WARN_UNINITIALIZED_AUTOS = YES_AGGRESSIVE;
				GCC_WARN_UNUSED_FUNCTION = YES;
				GCC_WARN_UNUSED_VARIABLE = YES;
				IPHONEOS_DEPLOYMENT_TARGET = 10.2;
				MTL_ENABLE_DEBUG_INFO = NO;
				SDKROOT = iphoneos;
				SWIFT_OPTIMIZATION_LEVEL = "-Owholemodule";
				TARGETED_DEVICE_FAMILY = "1,2";
				VALIDATE_PRODUCT = YES;
			};
			name = Release;
		};
		3230BC221E4522E400614BCB /* Debug */ = {
			isa = XCBuildConfiguration;
			buildSettings = {
				ASSETCATALOG_COMPILER_APPICON_NAME = AppIcon;
				INFOPLIST_FILE = HackerBooks/Info.plist;
				LD_RUNPATH_SEARCH_PATHS = "$(inherited) @executable_path/Frameworks";
				PRODUCT_BUNDLE_IDENTIFIER = org.thinway.HackerBooks;
				PRODUCT_NAME = "$(TARGET_NAME)";
				SWIFT_VERSION = 3.0;
			};
			name = Debug;
		};
		3230BC231E4522E400614BCB /* Release */ = {
			isa = XCBuildConfiguration;
			buildSettings = {
				ASSETCATALOG_COMPILER_APPICON_NAME = AppIcon;
				INFOPLIST_FILE = HackerBooks/Info.plist;
				LD_RUNPATH_SEARCH_PATHS = "$(inherited) @executable_path/Frameworks";
				PRODUCT_BUNDLE_IDENTIFIER = org.thinway.HackerBooks;
				PRODUCT_NAME = "$(TARGET_NAME)";
				SWIFT_VERSION = 3.0;
			};
			name = Release;
		};
/* End XCBuildConfiguration section */

/* Begin XCConfigurationList section */
		3230BC0A1E4522E400614BCB /* Build configuration list for PBXProject "HackerBooks" */ = {
			isa = XCConfigurationList;
			buildConfigurations = (
				3230BC1F1E4522E400614BCB /* Debug */,
				3230BC201E4522E400614BCB /* Release */,
			);
			defaultConfigurationIsVisible = 0;
			defaultConfigurationName = Release;
		};
		3230BC211E4522E400614BCB /* Build configuration list for PBXNativeTarget "HackerBooks" */ = {
			isa = XCConfigurationList;
			buildConfigurations = (
				3230BC221E4522E400614BCB /* Debug */,
				3230BC231E4522E400614BCB /* Release */,
			);
			defaultConfigurationIsVisible = 0;
			defaultConfigurationName = Release;
		};
/* End XCConfigurationList section */
	};
	rootObject = 3230BC071E4522E400614BCB /* Project object */;
}
