// !$*UTF8*$!
{
	archiveVersion = 1;
	classes = {
	};
	objectVersion = 46;
	objects = {

/* Begin PBXBuildFile section */
		3230BC131E4522E400614BCB /* AppDelegate.swift in Sources */ = {isa = PBXBuildFile; fileRef = 3230BC121E4522E400614BCB /* AppDelegate.swift */; };
		3230BC151E4522E400614BCB /* ViewController.swift in Sources */ = {isa = PBXBuildFile; fileRef = 3230BC141E4522E400614BCB /* ViewController.swift */; };
		3230BC181E4522E400614BCB /* Main.storyboard in Resources */ = {isa = PBXBuildFile; fileRef = 3230BC161E4522E400614BCB /* Main.storyboard */; };
		3230BC1A1E4522E400614BCB /* Assets.xcassets in Resources */ = {isa = PBXBuildFile; fileRef = 3230BC191E4522E400614BCB /* Assets.xcassets */; };
		3230BC1D1E4522E400614BCB /* LaunchScreen.storyboard in Resources */ = {isa = PBXBuildFile; fileRef = 3230BC1B1E4522E400614BCB /* LaunchScreen.storyboard */; };
		3230BC461E45E5F300614BCB /* Book.swift in Sources */ = {isa = PBXBuildFile; fileRef = 3230BC451E45E5F300614BCB /* Book.swift */; };
		3230BC4A1E45FCE400614BCB /* MultiDictionary.swift in Sources */ = {isa = PBXBuildFile; fileRef = 3230BC491E45FCE400614BCB /* MultiDictionary.swift */; };
/* End PBXBuildFile section */

/* Begin PBXFileReference section */
		3230BC0F1E4522E400614BCB /* HackerBooks.app */ = {isa = PBXFileReference; explicitFileType = wrapper.application; includeInIndex = 0; path = HackerBooks.app; sourceTree = BUILT_PRODUCTS_DIR; };
		3230BC121E4522E400614BCB /* AppDelegate.swift */ = {isa = PBXFileReference; lastKnownFileType = sourcecode.swift; path = AppDelegate.swift; sourceTree = "<group>"; };
		3230BC141E4522E400614BCB /* ViewController.swift */ = {isa = PBXFileReference; lastKnownFileType = sourcecode.swift; path = ViewController.swift; sourceTree = "<group>"; };
		3230BC171E4522E400614BCB /* Base */ = {isa = PBXFileReference; lastKnownFileType = file.storyboard; name = Base; path = Base.lproj/Main.storyboard; sourceTree = "<group>"; };
		3230BC191E4522E400614BCB /* Assets.xcassets */ = {isa = PBXFileReference; lastKnownFileType = folder.assetcatalog; path = Assets.xcassets; sourceTree = "<group>"; };
		3230BC1C1E4522E400614BCB /* Base */ = {isa = PBXFileReference; lastKnownFileType = file.storyboard; name = Base; path = Base.lproj/LaunchScreen.storyboard; sourceTree = "<group>"; };
		3230BC1E1E4522E400614BCB /* Info.plist */ = {isa = PBXFileReference; lastKnownFileType = text.plist.xml; path = Info.plist; sourceTree = "<group>"; };
		3230BC451E45E5F300614BCB /* Book.swift */ = {isa = PBXFileReference; fileEncoding = 4; lastKnownFileType = sourcecode.swift; path = Book.swift; sourceTree = "<group>"; };
		3230BC491E45FCE400614BCB /* MultiDictionary.swift */ = {isa = PBXFileReference; fileEncoding = 4; lastKnownFileType = sourcecode.swift; path = MultiDictionary.swift; sourceTree = "<group>"; };
/* End PBXFileReference section */

/* Begin PBXFrameworksBuildPhase section */
		3230BC0C1E4522E400614BCB /* Frameworks */ = {
			isa = PBXFrameworksBuildPhase;
			buildActionMask = 2147483647;
			files = (
			);
			runOnlyForDeploymentPostprocessing = 0;
		};
/* End PBXFrameworksBuildPhase section */

/* Begin PBXGroup section */
		3230BC061E4522E400614BCB = {
			isa = PBXGroup;
			children = (
				3230BC111E4522E400614BCB /* HackerBooks */,
				3230BC101E4522E400614BCB /* Products */,
			);
			sourceTree = "<group>";
		};
		3230BC101E4522E400614BCB /* Products */ = {
			isa = PBXGroup;
			children = (
				3230BC0F1E4522E400614BCB /* HackerBooks.app */,
			);
			name = Products;
			sourceTree = "<group>";
		};
		3230BC111E4522E400614BCB /* HackerBooks */ = {
			isa = PBXGroup;
			children = (
				3230BC441E45E5D200614BCB /* Models */,
				3230BC121E4522E400614BCB /* AppDelegate.swift */,
				3230BC141E4522E400614BCB /* ViewController.swift */,
				3230BC161E4522E400614BCB /* Main.storyboard */,
				3230BC191E4522E400614BCB /* Assets.xcassets */,
				3230BC1B1E4522E400614BCB /* LaunchScreen.storyboard */,
				3230BC1E1E4522E400614BCB /* Info.plist */,
			);
			path = HackerBooks;
			sourceTree = "<group>";
		};
		3230BC441E45E5D200614BCB /* Models */ = {
			isa = PBXGroup;
			children = (
				3230BC451E45E5F300614BCB /* Book.swift */,
				3230BC491E45FCE400614BCB /* MultiDictionary.swift */,
			);
			name = Models;
			sourceTree = "<group>";
		};
/* End PBXGroup section */

/* Begin PBXNativeTarget section */
		3230BC0E1E4522E400614BCB /* HackerBooks */ = {
			isa = PBXNativeTarget;
			buildConfigurationList = 3230BC211E4522E400614BCB /* Build configuration list for PBXNativeTarget "HackerBooks" */;
			buildPhases = (
				3230BC0B1E4522E400614BCB /* Sources */,
				3230BC0C1E4522E400614BCB /* Frameworks */,
				3230BC0D1E4522E400614BCB /* Resources */,
			);
			buildRules = (
			);
			dependencies = (
			);
			name = HackerBooks;
			productName = HackerBooks;
			productReference = 3230BC0F1E4522E400614BCB /* HackerBooks.app */;
			productType = "com.apple.product-type.application";
		};
/* End PBXNativeTarget section */

/* Begin PBXProject section */
		3230BC071E4522E400614BCB /* Project object */ = {
			isa = PBXProject;
			attributes = {
				LastSwiftUpdateCheck = 0820;
				LastUpgradeCheck = 0820;
				ORGANIZATIONNAME = "Fran Delgado";
				TargetAttributes = {
					3230BC0E1E4522E400614BCB = {
						CreatedOnToolsVersion = 8.2.1;
						ProvisioningStyle = Automatic;
					};
				};
			};
			buildConfigurationList = 3230BC0A1E4522E400614BCB /* Build configuration list for PBXProject "HackerBooks" */;
			compatibilityVersion = "Xcode 3.2";
			developmentRegion = English;
			hasScannedForEncodings = 0;
			knownRegions = (
				en,
				Base,
			);
			mainGroup = 3230BC061E4522E400614BCB;
			productRefGroup = 3230BC101E4522E400614BCB /* Products */;
			projectDirPath = "";
			projectRoot = "";
			targets = (
				3230BC0E1E4522E400614BCB /* HackerBooks */,
			);
		};
/* End PBXProject section */

/* Begin PBXResourcesBuildPhase section */
		3230BC0D1E4522E400614BCB /* Resources */ = {
			isa = PBXResourcesBuildPhase;
			buildActionMask = 2147483647;
			files = (
				3230BC1D1E4522E400614BCB /* LaunchScreen.storyboard in Resources */,
				3230BC1A1E4522E400614BCB /* Assets.xcassets in Resources */,
				3230BC181E4522E400614BCB /* Main.storyboard in Resources */,
			);
			runOnlyForDeploymentPostprocessing = 0;
		};
/* End PBXResourcesBuildPhase section */

/* Begin PBXSourcesBuildPhase section */
		3230BC0B1E4522E400614BCB /* Sources */ = {
			isa = PBXSourcesBuildPhase;
			buildActionMask = 2147483647;
			files = (
				3230BC151E4522E400614BCB /* ViewController.swift in Sources */,
				3230BC4A1E45FCE400614BCB /* MultiDictionary.swift in Sources */,
				3230BC131E4522E400614BCB /* AppDelegate.swift in Sources */,
				3230BC461E45E5F300614BCB /* Book.swift in Sources */,
			);
			runOnlyForDeploymentPostprocessing = 0;
		};
/* End PBXSourcesBuildPhase section */

/* Begin PBXVariantGroup section */
		3230BC161E4522E400614BCB /* Main.storyboard */ = {
			isa = PBXVariantGroup;
			children = (
				3230BC171E4522E400614BCB /* Base */,
			);
			name = Main.storyboard;
			sourceTree = "<group>";
		};
		3230BC1B1E4522E400614BCB /* LaunchScreen.storyboard */ = {
			isa = PBXVariantGroup;
			children = (
				3230BC1C1E4522E400614BCB /* Base */,
			);
			name = LaunchScreen.storyboard;
			sourceTree = "<group>";
		};
/* End PBXVariantGroup section */

/* Begin XCBuildConfiguration section */
		3230BC1F1E4522E400614BCB /* Debug */ = {
			isa = XCBuildConfiguration;
			buildSettings = {
				ALWAYS_SEARCH_USER_PATHS = NO;
				CLANG_ANALYZER_NONNULL = YES;
				CLANG_CXX_LANGUAGE_STANDARD = "gnu++0x";
				CLANG_CXX_LIBRARY = "libc++";
				CLANG_ENABLE_MODULES = YES;
				CLANG_ENABLE_OBJC_ARC = YES;
				CLANG_WARN_BOOL_CONVERSION = YES;
				CLANG_WARN_CONSTANT_CONVERSION = YES;
				CLANG_WARN_DIRECT_OBJC_ISA_USAGE = YES_ERROR;
				CLANG_WARN_DOCUMENTATION_COMMENTS = YES;
				CLANG_WARN_EMPTY_BODY = YES;
				CLANG_WARN_ENUM_CONVERSION = YES;
				CLANG_WARN_INFINITE_RECURSION = YES;
				CLANG_WARN_INT_CONVERSION = YES;
				CLANG_WARN_OBJC_ROOT_CLASS = YES_ERROR;
				CLANG_WARN_SUSPICIOUS_MOVE = YES;
				CLANG_WARN_UNREACHABLE_CODE = YES;
				CLANG_WARN__DUPLICATE_METHOD_MATCH = YES;
				"CODE_SIGN_IDENTITY[sdk=iphoneos*]" = "iPhone Developer";
				COPY_PHASE_STRIP = NO;
				DEBUG_INFORMATION_FORMAT = dwarf;
				ENABLE_STRICT_OBJC_MSGSEND = YES;
				ENABLE_TESTABILITY = YES;
				GCC_C_LANGUAGE_STANDARD = gnu99;
				GCC_DYNAMIC_NO_PIC = NO;
				GCC_NO_COMMON_BLOCKS = YES;
				GCC_OPTIMIZATION_LEVEL = 0;
				GCC_PREPROCESSOR_DEFINITIONS = (
					"DEBUG=1",
					"$(inherited)",
				);
				GCC_WARN_64_TO_32_BIT_CONVERSION = YES;
				GCC_WARN_ABOUT_RETURN_TYPE = YES_ERROR;
				GCC_WARN_UNDECLARED_SELECTOR = YES;
				GCC_WARN_UNINITIALIZED_AUTOS = YES_AGGRESSIVE;
				GCC_WARN_UNUSED_FUNCTION = YES;
				GCC_WARN_UNUSED_VARIABLE = YES;
				IPHONEOS_DEPLOYMENT_TARGET = 10.2;
				MTL_ENABLE_DEBUG_INFO = YES;
				ONLY_ACTIVE_ARCH = YES;
				SDKROOT = iphoneos;
				SWIFT_ACTIVE_COMPILATION_CONDITIONS = DEBUG;
				SWIFT_OPTIMIZATION_LEVEL = "-Onone";
				TARGETED_DEVICE_FAMILY = "1,2";
			};
			name = Debug;
		};
		3230BC201E4522E400614BCB /* Release */ = {
			isa = XCBuildConfiguration;
			buildSettings = {
				ALWAYS_SEARCH_USER_PATHS = NO;
				CLANG_ANALYZER_NONNULL = YES;
				CLANG_CXX_LANGUAGE_STANDARD = "gnu++0x";
				CLANG_CXX_LIBRARY = "libc++";
				CLANG_ENABLE_MODULES = YES;
				CLANG_ENABLE_OBJC_ARC = YES;
				CLANG_WARN_BOOL_CONVERSION = YES;
				CLANG_WARN_CONSTANT_CONVERSION = YES;
				CLANG_WARN_DIRECT_OBJC_ISA_USAGE = YES_ERROR;
				CLANG_WARN_DOCUMENTATION_COMMENTS = YES;
				CLANG_WARN_EMPTY_BODY = YES;
				CLANG_WARN_ENUM_CONVERSION = YES;
				CLANG_WARN_INFINITE_RECURSION = YES;
				CLANG_WARN_INT_CONVERSION = YES;
				CLANG_WARN_OBJC_ROOT_CLASS = YES_ERROR;
				CLANG_WARN_SUSPICIOUS_MOVE = YES;
				CLANG_WARN_UNREACHABLE_CODE = YES;
				CLANG_WARN__DUPLICATE_METHOD_MATCH = YES;
				"CODE_SIGN_IDENTITY[sdk=iphoneos*]" = "iPhone Developer";
				COPY_PHASE_STRIP = NO;
				DEBUG_INFORMATION_FORMAT = "dwarf-with-dsym";
				ENABLE_NS_ASSERTIONS = NO;
				ENABLE_STRICT_OBJC_MSGSEND = YES;
				GCC_C_LANGUAGE_STANDARD = gnu99;
				GCC_NO_COMMON_BLOCKS = YES;
				GCC_WARN_64_TO_32_BIT_CONVERSION = YES;
				GCC_WARN_ABOUT_RETURN_TYPE = YES_ERROR;
				GCC_WARN_UNDECLARED_SELECTOR = YES;
				GCC_WARN_UNINITIALIZED_AUTOS = YES_AGGRESSIVE;
				GCC_WARN_UNUSED_FUNCTION = YES;
				GCC_WARN_UNUSED_VARIABLE = YES;
				IPHONEOS_DEPLOYMENT_TARGET = 10.2;
				MTL_ENABLE_DEBUG_INFO = NO;
				SDKROOT = iphoneos;
				SWIFT_OPTIMIZATION_LEVEL = "-Owholemodule";
				TARGETED_DEVICE_FAMILY = "1,2";
				VALIDATE_PRODUCT = YES;
			};
			name = Release;
		};
		3230BC221E4522E400614BCB /* Debug */ = {
			isa = XCBuildConfiguration;
			buildSettings = {
				ASSETCATALOG_COMPILER_APPICON_NAME = AppIcon;
				INFOPLIST_FILE = HackerBooks/Info.plist;
				LD_RUNPATH_SEARCH_PATHS = "$(inherited) @executable_path/Frameworks";
				PRODUCT_BUNDLE_IDENTIFIER = org.thinway.HackerBooks;
				PRODUCT_NAME = "$(TARGET_NAME)";
				SWIFT_VERSION = 3.0;
			};
			name = Debug;
		};
		3230BC231E4522E400614BCB /* Release */ = {
			isa = XCBuildConfiguration;
			buildSettings = {
				ASSETCATALOG_COMPILER_APPICON_NAME = AppIcon;
				INFOPLIST_FILE = HackerBooks/Info.plist;
				LD_RUNPATH_SEARCH_PATHS = "$(inherited) @executable_path/Frameworks";
				PRODUCT_BUNDLE_IDENTIFIER = org.thinway.HackerBooks;
				PRODUCT_NAME = "$(TARGET_NAME)";
				SWIFT_VERSION = 3.0;
			};
			name = Release;
		};
/* End XCBuildConfiguration section */

/* Begin XCConfigurationList section */
		3230BC0A1E4522E400614BCB /* Build configuration list for PBXProject "HackerBooks" */ = {
			isa = XCConfigurationList;
			buildConfigurations = (
				3230BC1F1E4522E400614BCB /* Debug */,
				3230BC201E4522E400614BCB /* Release */,
			);
			defaultConfigurationIsVisible = 0;
			defaultConfigurationName = Release;
		};
		3230BC211E4522E400614BCB /* Build configuration list for PBXNativeTarget "HackerBooks" */ = {
			isa = XCConfigurationList;
			buildConfigurations = (
				3230BC221E4522E400614BCB /* Debug */,
				3230BC231E4522E400614BCB /* Release */,
			);
			defaultConfigurationIsVisible = 0;
			defaultConfigurationName = Release;
		};
/* End XCConfigurationList section */
	};
	rootObject = 3230BC071E4522E400614BCB /* Project object */;
}
